
Microsoft Visual Studio Solution File, Format Version 12.00
# Visual Studio Version 17
VisualStudioVersion = 17.8.34330.188
MinimumVisualStudioVersion = 10.0.40219.1
Project("{FAE04EC0-301F-11D3-BF4B-00C04F79EFBC}") = "ep_models", "ep_models.csproj", "{79B018C5-7EBC-49BD-86DD-AADFE8FA98CF}"
EndProject
Global
	GlobalSection(SolutionConfigurationPlatforms) = preSolution
		Debug|Any CPU = Debug|Any CPU
		Release|Any CPU = Release|Any CPU
	EndGlobalSection
	GlobalSection(ProjectConfigurationPlatforms) = postSolution
		{79B018C5-7EBC-49BD-86DD-AADFE8FA98CF}.Debug|Any CPU.ActiveCfg = Debug|Any CPU
		{79B018C5-7EBC-49BD-86DD-AADFE8FA98CF}.Debug|Any CPU.Build.0 = Debug|Any CPU
		{79B018C5-7EBC-49BD-86DD-AADFE8FA98CF}.Release|Any CPU.ActiveCfg = Release|Any CPU
		{79B018C5-7EBC-49BD-86DD-AADFE8FA98CF}.Release|Any CPU.Build.0 = Release|Any CPU
	EndGlobalSection
	GlobalSection(SolutionProperties) = preSolution
		HideSolutionNode = FALSE
	EndGlobalSection
	GlobalSection(ExtensibilityGlobals) = postSolution
		SolutionGuid = {F7E50B9A-0E2F-4BA6-B80D-D2610E8107D1}
	EndGlobalSection
EndGlobal
